
Microsoft Visual Studio Solution File, Format Version 12.00
# Visual Studio 2012
Project("{2150E333-8FDC-42A3-9474-1A3956D46DE8}") = ".nuget", ".nuget", "{7179145C-46AE-47D9-AD3B-DC4A3035A4DF}"
	ProjectSection(SolutionItems) = preProject
		.nuget\NuGet.Config = .nuget\NuGet.Config
		.nuget\NuGet.exe = .nuget\NuGet.exe
		.nuget\NuGet.targets = .nuget\NuGet.targets
	EndProjectSection
EndProject
Project("{2150E333-8FDC-42A3-9474-1A3956D46DE8}") = "src", "src", "{1ACC225D-6787-47AB-AF34-C6021002390C}"
EndProject
Project("{FAE04EC0-301F-11D3-BF4B-00C04F79EFBC}") = "MsieJavaScriptEngine", "src\MsieJavaScriptEngine\MsieJavaScriptEngine.csproj", "{D672BC49-C454-4975-BD25-A555B9BDD793}"
EndProject
Project("{2150E333-8FDC-42A3-9474-1A3956D46DE8}") = "test", "test", "{2A0DC227-73C5-4E3A-853A-83007AD56B85}"
EndProject
Project("{2150E333-8FDC-42A3-9474-1A3956D46DE8}") = "SharedFiles", "SharedFiles", "{76F4C14E-54ED-42AC-84F7-2072B14ED59E}"
	ProjectSection(SolutionItems) = preProject
		test\SharedFiles\link.txt = test\SharedFiles\link.txt
		test\SharedFiles\square.js = test\SharedFiles\square.js
	EndProjectSection
EndProject
Project("{FAE04EC0-301F-11D3-BF4B-00C04F79EFBC}") = "MsieJavaScriptEngine.Test.Common", "test\MsieJavaScriptEngine.Test.Common\MsieJavaScriptEngine.Test.Common.csproj", "{A4085B9E-A5D3-4749-BD07-6D1EB7C23820}"
EndProject
Project("{FAE04EC0-301F-11D3-BF4B-00C04F79EFBC}") = "MsieJavaScriptEngine.Test.Auto", "test\MsieJavaScriptEngine.Test.Auto\MsieJavaScriptEngine.Test.Auto.csproj", "{A4874C43-2097-4FDB-882A-0D74E5508BBD}"
EndProject
Project("{FAE04EC0-301F-11D3-BF4B-00C04F79EFBC}") = "MsieJavaScriptEngine.Test.ChakraEdgeJsRt", "test\MsieJavaScriptEngine.Test.ChakraEdgeJsRt\MsieJavaScriptEngine.Test.ChakraEdgeJsRt.csproj", "{16DBAC89-4FFB-40AC-B437-FE5C8D6B6731}"
EndProject
Project("{FAE04EC0-301F-11D3-BF4B-00C04F79EFBC}") = "MsieJavaScriptEngine.Test.ChakraIeJsRt", "test\MsieJavaScriptEngine.Test.ChakraIeJsRt\MsieJavaScriptEngine.Test.ChakraIeJsRt.csproj", "{7064E0DB-0B73-4534-84D0-1C96DA7E5AD1}"
EndProject
Project("{FAE04EC0-301F-11D3-BF4B-00C04F79EFBC}") = "MsieJavaScriptEngine.Test.ChakraActiveScript", "test\MsieJavaScriptEngine.Test.ChakraActiveScript\MsieJavaScriptEngine.Test.ChakraActiveScript.csproj", "{21EA96CC-71E2-4CDD-B95A-C75EBD4AF2FA}"
EndProject
Project("{FAE04EC0-301F-11D3-BF4B-00C04F79EFBC}") = "MsieJavaScriptEngine.Test.Classic", "test\MsieJavaScriptEngine.Test.Classic\MsieJavaScriptEngine.Test.Classic.csproj", "{50453B82-ACBF-4E25-9582-1113F274D53E}"
EndProject
Global
	GlobalSection(SolutionConfigurationPlatforms) = preSolution
		Debug|Any CPU = Debug|Any CPU
		Release|Any CPU = Release|Any CPU
	EndGlobalSection
	GlobalSection(ProjectConfigurationPlatforms) = postSolution
		{D672BC49-C454-4975-BD25-A555B9BDD793}.Debug|Any CPU.ActiveCfg = Debug|Any CPU
		{D672BC49-C454-4975-BD25-A555B9BDD793}.Debug|Any CPU.Build.0 = Debug|Any CPU
		{D672BC49-C454-4975-BD25-A555B9BDD793}.Release|Any CPU.ActiveCfg = Release|Any CPU
		{D672BC49-C454-4975-BD25-A555B9BDD793}.Release|Any CPU.Build.0 = Release|Any CPU
		{A4085B9E-A5D3-4749-BD07-6D1EB7C23820}.Debug|Any CPU.ActiveCfg = Debug|Any CPU
		{A4085B9E-A5D3-4749-BD07-6D1EB7C23820}.Debug|Any CPU.Build.0 = Debug|Any CPU
		{A4085B9E-A5D3-4749-BD07-6D1EB7C23820}.Release|Any CPU.ActiveCfg = Release|Any CPU
		{A4085B9E-A5D3-4749-BD07-6D1EB7C23820}.Release|Any CPU.Build.0 = Release|Any CPU
		{A4874C43-2097-4FDB-882A-0D74E5508BBD}.Debug|Any CPU.ActiveCfg = Debug|Any CPU
		{A4874C43-2097-4FDB-882A-0D74E5508BBD}.Debug|Any CPU.Build.0 = Debug|Any CPU
		{A4874C43-2097-4FDB-882A-0D74E5508BBD}.Release|Any CPU.ActiveCfg = Release|Any CPU
		{A4874C43-2097-4FDB-882A-0D74E5508BBD}.Release|Any CPU.Build.0 = Release|Any CPU
		{16DBAC89-4FFB-40AC-B437-FE5C8D6B6731}.Debug|Any CPU.ActiveCfg = Debug|Any CPU
		{16DBAC89-4FFB-40AC-B437-FE5C8D6B6731}.Debug|Any CPU.Build.0 = Debug|Any CPU
		{16DBAC89-4FFB-40AC-B437-FE5C8D6B6731}.Release|Any CPU.ActiveCfg = Release|Any CPU
		{16DBAC89-4FFB-40AC-B437-FE5C8D6B6731}.Release|Any CPU.Build.0 = Release|Any CPU
		{7064E0DB-0B73-4534-84D0-1C96DA7E5AD1}.Debug|Any CPU.ActiveCfg = Debug|Any CPU
		{7064E0DB-0B73-4534-84D0-1C96DA7E5AD1}.Debug|Any CPU.Build.0 = Debug|Any CPU
		{7064E0DB-0B73-4534-84D0-1C96DA7E5AD1}.Release|Any CPU.ActiveCfg = Release|Any CPU
		{7064E0DB-0B73-4534-84D0-1C96DA7E5AD1}.Release|Any CPU.Build.0 = Release|Any CPU
		{21EA96CC-71E2-4CDD-B95A-C75EBD4AF2FA}.Debug|Any CPU.ActiveCfg = Debug|Any CPU
		{21EA96CC-71E2-4CDD-B95A-C75EBD4AF2FA}.Debug|Any CPU.Build.0 = Debug|Any CPU
		{21EA96CC-71E2-4CDD-B95A-C75EBD4AF2FA}.Release|Any CPU.ActiveCfg = Release|Any CPU
		{21EA96CC-71E2-4CDD-B95A-C75EBD4AF2FA}.Release|Any CPU.Build.0 = Release|Any CPU
		{50453B82-ACBF-4E25-9582-1113F274D53E}.Debug|Any CPU.ActiveCfg = Debug|Any CPU
		{50453B82-ACBF-4E25-9582-1113F274D53E}.Debug|Any CPU.Build.0 = Debug|Any CPU
		{50453B82-ACBF-4E25-9582-1113F274D53E}.Release|Any CPU.ActiveCfg = Release|Any CPU
		{50453B82-ACBF-4E25-9582-1113F274D53E}.Release|Any CPU.Build.0 = Release|Any CPU
	EndGlobalSection
	GlobalSection(SolutionProperties) = preSolution
		HideSolutionNode = FALSE
	EndGlobalSection
	GlobalSection(NestedProjects) = preSolution
		{D672BC49-C454-4975-BD25-A555B9BDD793} = {1ACC225D-6787-47AB-AF34-C6021002390C}
		{A4085B9E-A5D3-4749-BD07-6D1EB7C23820} = {2A0DC227-73C5-4E3A-853A-83007AD56B85}
		{A4874C43-2097-4FDB-882A-0D74E5508BBD} = {2A0DC227-73C5-4E3A-853A-83007AD56B85}
		{16DBAC89-4FFB-40AC-B437-FE5C8D6B6731} = {2A0DC227-73C5-4E3A-853A-83007AD56B85}
		{7064E0DB-0B73-4534-84D0-1C96DA7E5AD1} = {2A0DC227-73C5-4E3A-853A-83007AD56B85}
		{21EA96CC-71E2-4CDD-B95A-C75EBD4AF2FA} = {2A0DC227-73C5-4E3A-853A-83007AD56B85}
		{50453B82-ACBF-4E25-9582-1113F274D53E} = {2A0DC227-73C5-4E3A-853A-83007AD56B85}
		{76F4C14E-54ED-42AC-84F7-2072B14ED59E} = {2A0DC227-73C5-4E3A-853A-83007AD56B85}
	EndGlobalSection
EndGlobal
